
Microsoft Visual Studio Solution File, Format Version 11.00
# Visual C++ Express 2010
Project("{8BC9CEB8-8B4A-11D0-8D11-00A0C91BC942}") = "asm6502", "asm6502\asm6502.vcxproj", "{52C2FD4B-4BF9-4E50-BA67-4B66A8F153CC}"
EndProject
Global
	GlobalSection(SolutionConfigurationPlatforms) = preSolution
		Debug|Win32 = Debug|Win32
		Release|Win32 = Release|Win32
	EndGlobalSection
	GlobalSection(ProjectConfigurationPlatforms) = postSolution
		{52C2FD4B-4BF9-4E50-BA67-4B66A8F153CC}.Debug|Win32.ActiveCfg = Debug|Win32
		{52C2FD4B-4BF9-4E50-BA67-4B66A8F153CC}.Debug|Win32.Build.0 = Debug|Win32
		{52C2FD4B-4BF9-4E50-BA67-4B66A8F153CC}.Release|Win32.ActiveCfg = Release|Win32
		{52C2FD4B-4BF9-4E50-BA67-4B66A8F153CC}.Release|Win32.Build.0 = Release|Win32
	EndGlobalSection
	GlobalSection(SolutionProperties) = preSolution
		HideSolutionNode = FALSE
	EndGlobalSection
EndGlobal
